
Microsoft Visual Studio Solution File, Format Version 12.00
# Visual Studio Version 16
VisualStudioVersion = 16.0.31702.278
MinimumVisualStudioVersion = 10.0.40219.1
Project("{FAE04EC0-301F-11D3-BF4B-00C04F79EFBC}") = "CourseWork", "CourseWork\CourseWork.csproj", "{D175668F-6A85-471B-831E-DEC08B190A0C}"
EndProject
Global
	GlobalSection(SolutionConfigurationPlatforms) = preSolution
		Debug|Any CPU = Debug|Any CPU
		Release|Any CPU = Release|Any CPU
	EndGlobalSection
	GlobalSection(ProjectConfigurationPlatforms) = postSolution
		{D175668F-6A85-471B-831E-DEC08B190A0C}.Debug|Any CPU.ActiveCfg = Debug|Any CPU
		{D175668F-6A85-471B-831E-DEC08B190A0C}.Debug|Any CPU.Build.0 = Debug|Any CPU
		{D175668F-6A85-471B-831E-DEC08B190A0C}.Release|Any CPU.ActiveCfg = Release|Any CPU
		{D175668F-6A85-471B-831E-DEC08B190A0C}.Release|Any CPU.Build.0 = Release|Any CPU
	EndGlobalSection
	GlobalSection(SolutionProperties) = preSolution
		HideSolutionNode = FALSE
	EndGlobalSection
	GlobalSection(ExtensibilityGlobals) = postSolution
		SolutionGuid = {C305DFA9-A972-4CC6-A0F6-D31CD1EA16C8}
	EndGlobalSection
EndGlobal
